// !$*UTF8*$!
{
	archiveVersion = 1;
	classes = {
	};
	objectVersion = 46;
	objects = {

/* Begin PBXBuildFile section */
		D05B6E841947447D005961D1 /* Foundation.framework in Frameworks */ = {isa = PBXBuildFile; fileRef = D05B6E831947447D005961D1 /* Foundation.framework */; };
		D05B6E861947447D005961D1 /* CoreGraphics.framework in Frameworks */ = {isa = PBXBuildFile; fileRef = D05B6E851947447D005961D1 /* CoreGraphics.framework */; };
		D05B6E881947447D005961D1 /* UIKit.framework in Frameworks */ = {isa = PBXBuildFile; fileRef = D05B6E871947447D005961D1 /* UIKit.framework */; };
		D05B6E8A1947447D005961D1 /* SpriteKit.framework in Frameworks */ = {isa = PBXBuildFile; fileRef = D05B6E891947447D005961D1 /* SpriteKit.framework */; };
		D05B6E901947447D005961D1 /* InfoPlist.strings in Resources */ = {isa = PBXBuildFile; fileRef = D05B6E8E1947447D005961D1 /* InfoPlist.strings */; };
		D05B6E921947447D005961D1 /* main.m in Sources */ = {isa = PBXBuildFile; fileRef = D05B6E911947447D005961D1 /* main.m */; };
		D05B6E961947447D005961D1 /* AppDelegate.m in Sources */ = {isa = PBXBuildFile; fileRef = D05B6E951947447D005961D1 /* AppDelegate.m */; };
		D05B6E991947447D005961D1 /* Main_iPhone.storyboard in Resources */ = {isa = PBXBuildFile; fileRef = D05B6E971947447D005961D1 /* Main_iPhone.storyboard */; };
		D05B6E9C1947447D005961D1 /* Main_iPad.storyboard in Resources */ = {isa = PBXBuildFile; fileRef = D05B6E9A1947447D005961D1 /* Main_iPad.storyboard */; };
		D05B6E9F1947447D005961D1 /* ViewController.m in Sources */ = {isa = PBXBuildFile; fileRef = D05B6E9E1947447D005961D1 /* ViewController.m */; };
		D05B6EA21947447D005961D1 /* MyScene.m in Sources */ = {isa = PBXBuildFile; fileRef = D05B6EA11947447D005961D1 /* MyScene.m */; };
		D05B6EA41947447D005961D1 /* Spaceship.png in Resources */ = {isa = PBXBuildFile; fileRef = D05B6EA31947447D005961D1 /* Spaceship.png */; };
		D05B6EA61947447D005961D1 /* Images.xcassets in Resources */ = {isa = PBXBuildFile; fileRef = D05B6EA51947447D005961D1 /* Images.xcassets */; };
		D05B6EAD1947447D005961D1 /* XCTest.framework in Frameworks */ = {isa = PBXBuildFile; fileRef = D05B6EAC1947447D005961D1 /* XCTest.framework */; };
		D05B6EAE1947447D005961D1 /* Foundation.framework in Frameworks */ = {isa = PBXBuildFile; fileRef = D05B6E831947447D005961D1 /* Foundation.framework */; };
		D05B6EAF1947447D005961D1 /* UIKit.framework in Frameworks */ = {isa = PBXBuildFile; fileRef = D05B6E871947447D005961D1 /* UIKit.framework */; };
		D05B6EB71947447D005961D1 /* InfoPlist.strings in Resources */ = {isa = PBXBuildFile; fileRef = D05B6EB51947447D005961D1 /* InfoPlist.strings */; };
		D05B6EB91947447D005961D1 /* Tomato_StrongTests.m in Sources */ = {isa = PBXBuildFile; fileRef = D05B6EB81947447D005961D1 /* Tomato_StrongTests.m */; };
/* End PBXBuildFile section */

/* Begin PBXContainerItemProxy section */
		D05B6EB01947447D005961D1 /* PBXContainerItemProxy */ = {
			isa = PBXContainerItemProxy;
			containerPortal = D05B6E781947447D005961D1 /* Project object */;
			proxyType = 1;
			remoteGlobalIDString = D05B6E7F1947447D005961D1;
			remoteInfo = "Tomato Strong";
		};
/* End PBXContainerItemProxy section */

/* Begin PBXFileReference section */
		D05B6E801947447D005961D1 /* Tomato Strong.app */ = {isa = PBXFileReference; explicitFileType = wrapper.application; includeInIndex = 0; path = "Tomato Strong.app"; sourceTree = BUILT_PRODUCTS_DIR; };
		D05B6E831947447D005961D1 /* Foundation.framework */ = {isa = PBXFileReference; lastKnownFileType = wrapper.framework; name = Foundation.framework; path = System/Library/Frameworks/Foundation.framework; sourceTree = SDKROOT; };
		D05B6E851947447D005961D1 /* CoreGraphics.framework */ = {isa = PBXFileReference; lastKnownFileType = wrapper.framework; name = CoreGraphics.framework; path = System/Library/Frameworks/CoreGraphics.framework; sourceTree = SDKROOT; };
		D05B6E871947447D005961D1 /* UIKit.framework */ = {isa = PBXFileReference; lastKnownFileType = wrapper.framework; name = UIKit.framework; path = System/Library/Frameworks/UIKit.framework; sourceTree = SDKROOT; };
		D05B6E891947447D005961D1 /* SpriteKit.framework */ = {isa = PBXFileReference; lastKnownFileType = wrapper.framework; name = SpriteKit.framework; path = System/Library/Frameworks/SpriteKit.framework; sourceTree = SDKROOT; };
		D05B6E8D1947447D005961D1 /* Tomato Strong-Info.plist */ = {isa = PBXFileReference; lastKnownFileType = text.plist.xml; path = "Tomato Strong-Info.plist"; sourceTree = "<group>"; };
		D05B6E8F1947447D005961D1 /* en */ = {isa = PBXFileReference; lastKnownFileType = text.plist.strings; name = en; path = en.lproj/InfoPlist.strings; sourceTree = "<group>"; };
		D05B6E911947447D005961D1 /* main.m */ = {isa = PBXFileReference; lastKnownFileType = sourcecode.c.objc; path = main.m; sourceTree = "<group>"; };
		D05B6E931947447D005961D1 /* Tomato Strong-Prefix.pch */ = {isa = PBXFileReference; lastKnownFileType = sourcecode.c.h; path = "Tomato Strong-Prefix.pch"; sourceTree = "<group>"; };
		D05B6E941947447D005961D1 /* AppDelegate.h */ = {isa = PBXFileReference; lastKnownFileType = sourcecode.c.h; path = AppDelegate.h; sourceTree = "<group>"; };
		D05B6E951947447D005961D1 /* AppDelegate.m */ = {isa = PBXFileReference; lastKnownFileType = sourcecode.c.objc; path = AppDelegate.m; sourceTree = "<group>"; };
		D05B6E981947447D005961D1 /* Base */ = {isa = PBXFileReference; lastKnownFileType = file.storyboard; name = Base; path = Base.lproj/Main_iPhone.storyboard; sourceTree = "<group>"; };
		D05B6E9B1947447D005961D1 /* Base */ = {isa = PBXFileReference; lastKnownFileType = file.storyboard; name = Base; path = Base.lproj/Main_iPad.storyboard; sourceTree = "<group>"; };
		D05B6E9D1947447D005961D1 /* ViewController.h */ = {isa = PBXFileReference; lastKnownFileType = sourcecode.c.h; path = ViewController.h; sourceTree = "<group>"; };
		D05B6E9E1947447D005961D1 /* ViewController.m */ = {isa = PBXFileReference; lastKnownFileType = sourcecode.c.objc; path = ViewController.m; sourceTree = "<group>"; };
		D05B6EA01947447D005961D1 /* MyScene.h */ = {isa = PBXFileReference; lastKnownFileType = sourcecode.c.h; path = MyScene.h; sourceTree = "<group>"; };
		D05B6EA11947447D005961D1 /* MyScene.m */ = {isa = PBXFileReference; lastKnownFileType = sourcecode.c.objc; path = MyScene.m; sourceTree = "<group>"; };
		D05B6EA31947447D005961D1 /* Spaceship.png */ = {isa = PBXFileReference; lastKnownFileType = image.png; path = Spaceship.png; sourceTree = "<group>"; };
		D05B6EA51947447D005961D1 /* Images.xcassets */ = {isa = PBXFileReference; lastKnownFileType = folder.assetcatalog; path = Images.xcassets; sourceTree = "<group>"; };
		D05B6EAB1947447D005961D1 /* Tomato StrongTests.xctest */ = {isa = PBXFileReference; explicitFileType = wrapper.cfbundle; includeInIndex = 0; path = "Tomato StrongTests.xctest"; sourceTree = BUILT_PRODUCTS_DIR; };
		D05B6EAC1947447D005961D1 /* XCTest.framework */ = {isa = PBXFileReference; lastKnownFileType = wrapper.framework; name = XCTest.framework; path = Library/Frameworks/XCTest.framework; sourceTree = DEVELOPER_DIR; };
		D05B6EB41947447D005961D1 /* Tomato StrongTests-Info.plist */ = {isa = PBXFileReference; lastKnownFileType = text.plist.xml; path = "Tomato StrongTests-Info.plist"; sourceTree = "<group>"; };
		D05B6EB61947447D005961D1 /* en */ = {isa = PBXFileReference; lastKnownFileType = text.plist.strings; name = en; path = en.lproj/InfoPlist.strings; sourceTree = "<group>"; };
		D05B6EB81947447D005961D1 /* Tomato_StrongTests.m */ = {isa = PBXFileReference; lastKnownFileType = sourcecode.c.objc; path = Tomato_StrongTests.m; sourceTree = "<group>"; };
/* End PBXFileReference section */

/* Begin PBXFrameworksBuildPhase section */
		D05B6E7D1947447D005961D1 /* Frameworks */ = {
			isa = PBXFrameworksBuildPhase;
			buildActionMask = 2147483647;
			files = (
				D05B6E861947447D005961D1 /* CoreGraphics.framework in Frameworks */,
				D05B6E881947447D005961D1 /* UIKit.framework in Frameworks */,
				D05B6E8A1947447D005961D1 /* SpriteKit.framework in Frameworks */,
				D05B6E841947447D005961D1 /* Foundation.framework in Frameworks */,
			);
			runOnlyForDeploymentPostprocessing = 0;
		};
		D05B6EA81947447D005961D1 /* Frameworks */ = {
			isa = PBXFrameworksBuildPhase;
			buildActionMask = 2147483647;
			files = (
				D05B6EAD1947447D005961D1 /* XCTest.framework in Frameworks */,
				D05B6EAF1947447D005961D1 /* UIKit.framework in Frameworks */,
				D05B6EAE1947447D005961D1 /* Foundation.framework in Frameworks */,
			);
			runOnlyForDeploymentPostprocessing = 0;
		};
/* End PBXFrameworksBuildPhase section */

/* Begin PBXGroup section */
		D05B6E771947447D005961D1 = {
			isa = PBXGroup;
			children = (
				D05B6E8B1947447D005961D1 /* Tomato Strong */,
				D05B6EB21947447D005961D1 /* Tomato StrongTests */,
				D05B6E821947447D005961D1 /* Frameworks */,
				D05B6E811947447D005961D1 /* Products */,
			);
			sourceTree = "<group>";
		};
		D05B6E811947447D005961D1 /* Products */ = {
			isa = PBXGroup;
			children = (
				D05B6E801947447D005961D1 /* Tomato Strong.app */,
				D05B6EAB1947447D005961D1 /* Tomato StrongTests.xctest */,
			);
			name = Products;
			sourceTree = "<group>";
		};
		D05B6E821947447D005961D1 /* Frameworks */ = {
			isa = PBXGroup;
			children = (
				D05B6E831947447D005961D1 /* Foundation.framework */,
				D05B6E851947447D005961D1 /* CoreGraphics.framework */,
				D05B6E871947447D005961D1 /* UIKit.framework */,
				D05B6E891947447D005961D1 /* SpriteKit.framework */,
				D05B6EAC1947447D005961D1 /* XCTest.framework */,
			);
			name = Frameworks;
			sourceTree = "<group>";
		};
		D05B6E8B1947447D005961D1 /* Tomato Strong */ = {
			isa = PBXGroup;
			children = (
				D05B6E941947447D005961D1 /* AppDelegate.h */,
				D05B6E951947447D005961D1 /* AppDelegate.m */,
				D05B6E971947447D005961D1 /* Main_iPhone.storyboard */,
				D05B6E9A1947447D005961D1 /* Main_iPad.storyboard */,
				D05B6E9D1947447D005961D1 /* ViewController.h */,
				D05B6E9E1947447D005961D1 /* ViewController.m */,
				D05B6EA01947447D005961D1 /* MyScene.h */,
				D05B6EA11947447D005961D1 /* MyScene.m */,
				D05B6EA31947447D005961D1 /* Spaceship.png */,
				D05B6EA51947447D005961D1 /* Images.xcassets */,
				D05B6E8C1947447D005961D1 /* Supporting Files */,
			);
			path = "Tomato Strong";
			sourceTree = "<group>";
		};
		D05B6E8C1947447D005961D1 /* Supporting Files */ = {
			isa = PBXGroup;
			children = (
				D05B6E8D1947447D005961D1 /* Tomato Strong-Info.plist */,
				D05B6E8E1947447D005961D1 /* InfoPlist.strings */,
				D05B6E911947447D005961D1 /* main.m */,
				D05B6E931947447D005961D1 /* Tomato Strong-Prefix.pch */,
			);
			name = "Supporting Files";
			sourceTree = "<group>";
		};
		D05B6EB21947447D005961D1 /* Tomato StrongTests */ = {
			isa = PBXGroup;
			children = (
				D05B6EB81947447D005961D1 /* Tomato_StrongTests.m */,
				D05B6EB31947447D005961D1 /* Supporting Files */,
			);
			path = "Tomato StrongTests";
			sourceTree = "<group>";
		};
		D05B6EB31947447D005961D1 /* Supporting Files */ = {
			isa = PBXGroup;
			children = (
				D05B6EB41947447D005961D1 /* Tomato StrongTests-Info.plist */,
				D05B6EB51947447D005961D1 /* InfoPlist.strings */,
			);
			name = "Supporting Files";
			sourceTree = "<group>";
		};
/* End PBXGroup section */

/* Begin PBXNativeTarget section */
		D05B6E7F1947447D005961D1 /* Tomato Strong */ = {
			isa = PBXNativeTarget;
			buildConfigurationList = D05B6EBC1947447D005961D1 /* Build configuration list for PBXNativeTarget "Tomato Strong" */;
			buildPhases = (
				D05B6E7C1947447D005961D1 /* Sources */,
				D05B6E7D1947447D005961D1 /* Frameworks */,
				D05B6E7E1947447D005961D1 /* Resources */,
			);
			buildRules = (
			);
			dependencies = (
			);
			name = "Tomato Strong";
			productName = "Tomato Strong";
			productReference = D05B6E801947447D005961D1 /* Tomato Strong.app */;
			productType = "com.apple.product-type.application";
		};
		D05B6EAA1947447D005961D1 /* Tomato StrongTests */ = {
			isa = PBXNativeTarget;
			buildConfigurationList = D05B6EBF1947447D005961D1 /* Build configuration list for PBXNativeTarget "Tomato StrongTests" */;
			buildPhases = (
				D05B6EA71947447D005961D1 /* Sources */,
				D05B6EA81947447D005961D1 /* Frameworks */,
				D05B6EA91947447D005961D1 /* Resources */,
			);
			buildRules = (
			);
			dependencies = (
				D05B6EB11947447D005961D1 /* PBXTargetDependency */,
			);
			name = "Tomato StrongTests";
			productName = "Tomato StrongTests";
			productReference = D05B6EAB1947447D005961D1 /* Tomato StrongTests.xctest */;
			productType = "com.apple.product-type.bundle.unit-test";
		};
/* End PBXNativeTarget section */

/* Begin PBXProject section */
		D05B6E781947447D005961D1 /* Project object */ = {
			isa = PBXProject;
			attributes = {
				LastUpgradeCheck = 0500;
				ORGANIZATIONNAME = "SAYMON FELIX GORDIANO";
				TargetAttributes = {
					D05B6EAA1947447D005961D1 = {
						TestTargetID = D05B6E7F1947447D005961D1;
					};
				};
			};
			buildConfigurationList = D05B6E7B1947447D005961D1 /* Build configuration list for PBXProject "Tomato Strong" */;
			compatibilityVersion = "Xcode 3.2";
			developmentRegion = English;
			hasScannedForEncodings = 0;
			knownRegions = (
				en,
				Base,
			);
			mainGroup = D05B6E771947447D005961D1;
			productRefGroup = D05B6E811947447D005961D1 /* Products */;
			projectDirPath = "";
			projectRoot = "";
			targets = (
				D05B6E7F1947447D005961D1 /* Tomato Strong */,
				D05B6EAA1947447D005961D1 /* Tomato StrongTests */,
			);
		};
/* End PBXProject section */

/* Begin PBXResourcesBuildPhase section */
		D05B6E7E1947447D005961D1 /* Resources */ = {
			isa = PBXResourcesBuildPhase;
			buildActionMask = 2147483647;
			files = (
				D05B6EA41947447D005961D1 /* Spaceship.png in Resources */,
				D05B6EA61947447D005961D1 /* Images.xcassets in Resources */,
				D05B6E9C1947447D005961D1 /* Main_iPad.storyboard in Resources */,
				D05B6E991947447D005961D1 /* Main_iPhone.storyboard in Resources */,
				D05B6E901947447D005961D1 /* InfoPlist.strings in Resources */,
			);
			runOnlyForDeploymentPostprocessing = 0;
		};
		D05B6EA91947447D005961D1 /* Resources */ = {
			isa = PBXResourcesBuildPhase;
			buildActionMask = 2147483647;
			files = (
				D05B6EB71947447D005961D1 /* InfoPlist.strings in Resources */,
			);
			runOnlyForDeploymentPostprocessing = 0;
		};
/* End PBXResourcesBuildPhase section */

/* Begin PBXSourcesBuildPhase section */
		D05B6E7C1947447D005961D1 /* Sources */ = {
			isa = PBXSourcesBuildPhase;
			buildActionMask = 2147483647;
			files = (
				D05B6EA21947447D005961D1 /* MyScene.m in Sources */,
				D05B6E9F1947447D005961D1 /* ViewController.m in Sources */,
				D05B6E961947447D005961D1 /* AppDelegate.m in Sources */,
				D05B6E921947447D005961D1 /* main.m in Sources */,
			);
			runOnlyForDeploymentPostprocessing = 0;
		};
		D05B6EA71947447D005961D1 /* Sources */ = {
			isa = PBXSourcesBuildPhase;
			buildActionMask = 2147483647;
			files = (
				D05B6EB91947447D005961D1 /* Tomato_StrongTests.m in Sources */,
			);
			runOnlyForDeploymentPostprocessing = 0;
		};
/* End PBXSourcesBuildPhase section */

/* Begin PBXTargetDependency section */
		D05B6EB11947447D005961D1 /* PBXTargetDependency */ = {
			isa = PBXTargetDependency;
			target = D05B6E7F1947447D005961D1 /* Tomato Strong */;
			targetProxy = D05B6EB01947447D005961D1 /* PBXContainerItemProxy */;
		};
/* End PBXTargetDependency section */

/* Begin PBXVariantGroup section */
		D05B6E8E1947447D005961D1 /* InfoPlist.strings */ = {
			isa = PBXVariantGroup;
			children = (
				D05B6E8F1947447D005961D1 /* en */,
			);
			name = InfoPlist.strings;
			sourceTree = "<group>";
		};
		D05B6E971947447D005961D1 /* Main_iPhone.storyboard */ = {
			isa = PBXVariantGroup;
			children = (
				D05B6E981947447D005961D1 /* Base */,
			);
			name = Main_iPhone.storyboard;
			sourceTree = "<group>";
		};
		D05B6E9A1947447D005961D1 /* Main_iPad.storyboard */ = {
			isa = PBXVariantGroup;
			children = (
				D05B6E9B1947447D005961D1 /* Base */,
			);
			name = Main_iPad.storyboard;
			sourceTree = "<group>";
		};
		D05B6EB51947447D005961D1 /* InfoPlist.strings */ = {
			isa = PBXVariantGroup;
			children = (
				D05B6EB61947447D005961D1 /* en */,
			);
			name = InfoPlist.strings;
			sourceTree = "<group>";
		};
/* End PBXVariantGroup section */

/* Begin XCBuildConfiguration section */
		D05B6EBA1947447D005961D1 /* Debug */ = {
			isa = XCBuildConfiguration;
			buildSettings = {
				ALWAYS_SEARCH_USER_PATHS = NO;
				ARCHS = "$(ARCHS_STANDARD_INCLUDING_64_BIT)";
				CLANG_CXX_LANGUAGE_STANDARD = "gnu++0x";
				CLANG_CXX_LIBRARY = "libc++";
				CLANG_ENABLE_MODULES = YES;
				CLANG_ENABLE_OBJC_ARC = YES;
				CLANG_WARN_BOOL_CONVERSION = YES;
				CLANG_WARN_CONSTANT_CONVERSION = YES;
				CLANG_WARN_DIRECT_OBJC_ISA_USAGE = YES_ERROR;
				CLANG_WARN_EMPTY_BODY = YES;
				CLANG_WARN_ENUM_CONVERSION = YES;
				CLANG_WARN_INT_CONVERSION = YES;
				CLANG_WARN_OBJC_ROOT_CLASS = YES_ERROR;
				CLANG_WARN__DUPLICATE_METHOD_MATCH = YES;
				"CODE_SIGN_IDENTITY[sdk=iphoneos*]" = "iPhone Developer";
				COPY_PHASE_STRIP = NO;
				GCC_C_LANGUAGE_STANDARD = gnu99;
				GCC_DYNAMIC_NO_PIC = NO;
				GCC_OPTIMIZATION_LEVEL = 0;
				GCC_PREPROCESSOR_DEFINITIONS = (
					"DEBUG=1",
					"$(inherited)",
				);
				GCC_SYMBOLS_PRIVATE_EXTERN = NO;
				GCC_WARN_64_TO_32_BIT_CONVERSION = YES;
				GCC_WARN_ABOUT_RETURN_TYPE = YES_ERROR;
				GCC_WARN_UNDECLARED_SELECTOR = YES;
				GCC_WARN_UNINITIALIZED_AUTOS = YES;
				GCC_WARN_UNUSED_FUNCTION = YES;
				GCC_WARN_UNUSED_VARIABLE = YES;
				IPHONEOS_DEPLOYMENT_TARGET = 7.0;
				ONLY_ACTIVE_ARCH = YES;
				SDKROOT = iphoneos;
				TARGETED_DEVICE_FAMILY = "1,2";
			};
			name = Debug;
		};
		D05B6EBB1947447D005961D1 /* Release */ = {
			isa = XCBuildConfiguration;
			buildSettings = {
				ALWAYS_SEARCH_USER_PATHS = NO;
				ARCHS = "$(ARCHS_STANDARD_INCLUDING_64_BIT)";
				CLANG_CXX_LANGUAGE_STANDARD = "gnu++0x";
				CLANG_CXX_LIBRARY = "libc++";
				CLANG_ENABLE_MODULES = YES;
				CLANG_ENABLE_OBJC_ARC = YES;
				CLANG_WARN_BOOL_CONVERSION = YES;
				CLANG_WARN_CONSTANT_CONVERSION = YES;
				CLANG_WARN_DIRECT_OBJC_ISA_USAGE = YES_ERROR;
				CLANG_WARN_EMPTY_BODY = YES;
				CLANG_WARN_ENUM_CONVERSION = YES;
				CLANG_WARN_INT_CONVERSION = YES;
				CLANG_WARN_OBJC_ROOT_CLASS = YES_ERROR;
				CLANG_WARN__DUPLICATE_METHOD_MATCH = YES;
				"CODE_SIGN_IDENTITY[sdk=iphoneos*]" = "iPhone Developer";
				COPY_PHASE_STRIP = YES;
				ENABLE_NS_ASSERTIONS = NO;
				GCC_C_LANGUAGE_STANDARD = gnu99;
				GCC_WARN_64_TO_32_BIT_CONVERSION = YES;
				GCC_WARN_ABOUT_RETURN_TYPE = YES_ERROR;
				GCC_WARN_UNDECLARED_SELECTOR = YES;
				GCC_WARN_UNINITIALIZED_AUTOS = YES;
				GCC_WARN_UNUSED_FUNCTION = YES;
				GCC_WARN_UNUSED_VARIABLE = YES;
				IPHONEOS_DEPLOYMENT_TARGET = 7.0;
				SDKROOT = iphoneos;
				TARGETED_DEVICE_FAMILY = "1,2";
				VALIDATE_PRODUCT = YES;
			};
			name = Release;
		};
		D05B6EBD1947447D005961D1 /* Debug */ = {
			isa = XCBuildConfiguration;
			buildSettings = {
				ASSETCATALOG_COMPILER_APPICON_NAME = AppIcon;
				ASSETCATALOG_COMPILER_LAUNCHIMAGE_NAME = LaunchImage;
				GCC_PRECOMPILE_PREFIX_HEADER = YES;
				GCC_PREFIX_HEADER = "Tomato Strong/Tomato Strong-Prefix.pch";
				INFOPLIST_FILE = "Tomato Strong/Tomato Strong-Info.plist";
				PRODUCT_NAME = "$(TARGET_NAME)";
				SPRITEKIT_TEXTURE_ATLAS_OUTPUT = YES;
				WRAPPER_EXTENSION = app;
			};
			name = Debug;
		};
		D05B6EBE1947447D005961D1 /* Release */ = {
			isa = XCBuildConfiguration;
			buildSettings = {
				ASSETCATALOG_COMPILER_APPICON_NAME = AppIcon;
				ASSETCATALOG_COMPILER_LAUNCHIMAGE_NAME = LaunchImage;
				GCC_PRECOMPILE_PREFIX_HEADER = YES;
				GCC_PREFIX_HEADER = "Tomato Strong/Tomato Strong-Prefix.pch";
				INFOPLIST_FILE = "Tomato Strong/Tomato Strong-Info.plist";
				PRODUCT_NAME = "$(TARGET_NAME)";
				SPRITEKIT_TEXTURE_ATLAS_OUTPUT = YES;
				WRAPPER_EXTENSION = app;
			};
			name = Release;
		};
		D05B6EC01947447D005961D1 /* Debug */ = {
			isa = XCBuildConfiguration;
			buildSettings = {
				ARCHS = "$(ARCHS_STANDARD_INCLUDING_64_BIT)";
				BUNDLE_LOADER = "$(BUILT_PRODUCTS_DIR)/Tomato Strong.app/Tomato Strong";
				FRAMEWORK_SEARCH_PATHS = (
					"$(SDKROOT)/Developer/Library/Frameworks",
					"$(inherited)",
					"$(DEVELOPER_FRAMEWORKS_DIR)",
				);
				GCC_PRECOMPILE_PREFIX_HEADER = YES;
				GCC_PREFIX_HEADER = "Tomato Strong/Tomato Strong-Prefix.pch";
				GCC_PREPROCESSOR_DEFINITIONS = (
					"DEBUG=1",
					"$(inherited)",
				);
				INFOPLIST_FILE = "Tomato StrongTests/Tomato StrongTests-Info.plist";
				PRODUCT_NAME = "$(TARGET_NAME)";
				TEST_HOST = "$(BUNDLE_LOADER)";
				WRAPPER_EXTENSION = xctest;
			};
			name = Debug;
		};
		D05B6EC11947447D005961D1 /* Release */ = {
			isa = XCBuildConfiguration;
			buildSettings = {
				ARCHS = "$(ARCHS_STANDARD_INCLUDING_64_BIT)";
				BUNDLE_LOADER = "$(BUILT_PRODUCTS_DIR)/Tomato Strong.app/Tomato Strong";
				FRAMEWORK_SEARCH_PATHS = (
					"$(SDKROOT)/Developer/Library/Frameworks",
					"$(inherited)",
					"$(DEVELOPER_FRAMEWORKS_DIR)",
				);
				GCC_PRECOMPILE_PREFIX_HEADER = YES;
				GCC_PREFIX_HEADER = "Tomato Strong/Tomato Strong-Prefix.pch";
				INFOPLIST_FILE = "Tomato StrongTests/Tomato StrongTests-Info.plist";
				PRODUCT_NAME = "$(TARGET_NAME)";
				TEST_HOST = "$(BUNDLE_LOADER)";
				WRAPPER_EXTENSION = xctest;
			};
			name = Release;
		};
/* End XCBuildConfiguration section */

/* Begin XCConfigurationList section */
		D05B6E7B1947447D005961D1 /* Build configuration list for PBXProject "Tomato Strong" */ = {
			isa = XCConfigurationList;
			buildConfigurations = (
				D05B6EBA1947447D005961D1 /* Debug */,
				D05B6EBB1947447D005961D1 /* Release */,
			);
			defaultConfigurationIsVisible = 0;
			defaultConfigurationName = Release;
		};
		D05B6EBC1947447D005961D1 /* Build configuration list for PBXNativeTarget "Tomato Strong" */ = {
			isa = XCConfigurationList;
			buildConfigurations = (
				D05B6EBD1947447D005961D1 /* Debug */,
				D05B6EBE1947447D005961D1 /* Release */,
			);
			defaultConfigurationIsVisible = 0;
		};
		D05B6EBF1947447D005961D1 /* Build configuration list for PBXNativeTarget "Tomato StrongTests" */ = {
			isa = XCConfigurationList;
			buildConfigurations = (
				D05B6EC01947447D005961D1 /* Debug */,
				D05B6EC11947447D005961D1 /* Release */,
			);
			defaultConfigurationIsVisible = 0;
		};
/* End XCConfigurationList section */
	};
	rootObject = D05B6E781947447D005961D1 /* Project object */;
}
